
Microsoft Visual Studio Solution File, Format Version 12.00
# Visual Studio Version 17
VisualStudioVersion = 17.4.33213.308
MinimumVisualStudioVersion = 10.0.40219.1
Project("{FAE04EC0-301F-11D3-BF4B-00C04F79EFBC}") = "ProfileMaker", "ProfileMaker\ProfileMaker.csproj", "{07BB0754-30A1-4A79-909D-A07B61D335E7}"
EndProject
Global
	GlobalSection(SolutionConfigurationPlatforms) = preSolution
		Debug|Any CPU = Debug|Any CPU
		Release|Any CPU = Release|Any CPU
	EndGlobalSection
	GlobalSection(ProjectConfigurationPlatforms) = postSolution
		{07BB0754-30A1-4A79-909D-A07B61D335E7}.Debug|Any CPU.ActiveCfg = Debug|Any CPU
		{07BB0754-30A1-4A79-909D-A07B61D335E7}.Debug|Any CPU.Build.0 = Debug|Any CPU
		{07BB0754-30A1-4A79-909D-A07B61D335E7}.Release|Any CPU.ActiveCfg = Release|Any CPU
		{07BB0754-30A1-4A79-909D-A07B61D335E7}.Release|Any CPU.Build.0 = Release|Any CPU
	EndGlobalSection
	GlobalSection(SolutionProperties) = preSolution
		HideSolutionNode = FALSE
	EndGlobalSection
	GlobalSection(ExtensibilityGlobals) = postSolution
		SolutionGuid = {8C30028B-929E-4555-803D-CD95A6426072}
	EndGlobalSection
EndGlobal
